
Microsoft Visual Studio Solution File, Format Version 12.00
# Visual Studio Version 17
VisualStudioVersion = 17.9.34728.123
MinimumVisualStudioVersion = 10.0.40219.1
Project("{FAE04EC0-301F-11D3-BF4B-00C04F79EFBC}") = "baitapbuoi17", "baitapbuoi17\baitapbuoi17.csproj", "{AB0CDD32-5948-4302-9070-CE591C7FCB82}"
EndProject
Global
	GlobalSection(SolutionConfigurationPlatforms) = preSolution
		Debug|Any CPU = Debug|Any CPU
		Release|Any CPU = Release|Any CPU
	EndGlobalSection
	GlobalSection(ProjectConfigurationPlatforms) = postSolution
		{AB0CDD32-5948-4302-9070-CE591C7FCB82}.Debug|Any CPU.ActiveCfg = Debug|Any CPU
		{AB0CDD32-5948-4302-9070-CE591C7FCB82}.Debug|Any CPU.Build.0 = Debug|Any CPU
		{AB0CDD32-5948-4302-9070-CE591C7FCB82}.Release|Any CPU.ActiveCfg = Release|Any CPU
		{AB0CDD32-5948-4302-9070-CE591C7FCB82}.Release|Any CPU.Build.0 = Release|Any CPU
	EndGlobalSection
	GlobalSection(SolutionProperties) = preSolution
		HideSolutionNode = FALSE
	EndGlobalSection
	GlobalSection(ExtensibilityGlobals) = postSolution
		SolutionGuid = {5B377445-D1EB-40C0-9623-2D0D8499CDAC}
	EndGlobalSection
EndGlobal
